
Microsoft Visual Studio Solution File, Format Version 12.00
# Visual Studio Version 17
VisualStudioVersion = 17.11.35312.102
MinimumVisualStudioVersion = 10.0.40219.1
Project("{FAE04EC0-301F-11D3-BF4B-00C04F79EFBC}") = "BlazorAutoAzAdB2cAttrib", "BlazorAutoAzAdB2cAttrib\BlazorAutoAzAdB2cAttrib.csproj", "{51BFAA63-6AE1-4665-8648-5D09D1ADF804}"
EndProject
Project("{FAE04EC0-301F-11D3-BF4B-00C04F79EFBC}") = "BlazorAutoAzAdB2cAttrib.Client", "BlazorAutoAzAdB2cAttrib.Client\BlazorAutoAzAdB2cAttrib.Client.csproj", "{D47B4D07-C4C4-4367-B829-D27E4EFDC55C}"
EndProject
Global
	GlobalSection(SolutionConfigurationPlatforms) = preSolution
		Debug|Any CPU = Debug|Any CPU
		Release|Any CPU = Release|Any CPU
	EndGlobalSection
	GlobalSection(ProjectConfigurationPlatforms) = postSolution
		{51BFAA63-6AE1-4665-8648-5D09D1ADF804}.Debug|Any CPU.ActiveCfg = Debug|Any CPU
		{51BFAA63-6AE1-4665-8648-5D09D1ADF804}.Debug|Any CPU.Build.0 = Debug|Any CPU
		{51BFAA63-6AE1-4665-8648-5D09D1ADF804}.Release|Any CPU.ActiveCfg = Release|Any CPU
		{51BFAA63-6AE1-4665-8648-5D09D1ADF804}.Release|Any CPU.Build.0 = Release|Any CPU
		{D47B4D07-C4C4-4367-B829-D27E4EFDC55C}.Debug|Any CPU.ActiveCfg = Debug|Any CPU
		{D47B4D07-C4C4-4367-B829-D27E4EFDC55C}.Debug|Any CPU.Build.0 = Debug|Any CPU
		{D47B4D07-C4C4-4367-B829-D27E4EFDC55C}.Release|Any CPU.ActiveCfg = Release|Any CPU
		{D47B4D07-C4C4-4367-B829-D27E4EFDC55C}.Release|Any CPU.Build.0 = Release|Any CPU
	EndGlobalSection
	GlobalSection(SolutionProperties) = preSolution
		HideSolutionNode = FALSE
	EndGlobalSection
	GlobalSection(ExtensibilityGlobals) = postSolution
		SolutionGuid = {63941811-82B3-4101-9C9B-4C65E349271D}
	EndGlobalSection
EndGlobal
